// !$*UTF8*$!
{
	archiveVersion = 1;
	classes = {
	};
	objectVersion = 56;
	objects = {

/* Begin PBXBuildFile section */
		162A1C4329597FC900F7469D /* AppDelegate.swift in Sources */ = {isa = PBXBuildFile; fileRef = 162A1C4229597FC900F7469D /* AppDelegate.swift */; };
		162A1C4529597FC900F7469D /* SceneDelegate.swift in Sources */ = {isa = PBXBuildFile; fileRef = 162A1C4429597FC900F7469D /* SceneDelegate.swift */; };
		162A1C4729597FC900F7469D /* ViewController.swift in Sources */ = {isa = PBXBuildFile; fileRef = 162A1C4629597FC900F7469D /* ViewController.swift */; };
		162A1C4A29597FC900F7469D /* Main.storyboard in Resources */ = {isa = PBXBuildFile; fileRef = 162A1C4829597FC900F7469D /* Main.storyboard */; };
		162A1C4D29597FC900F7469D /* GreetingApps.xcdatamodeld in Sources */ = {isa = PBXBuildFile; fileRef = 162A1C4B29597FC900F7469D /* GreetingApps.xcdatamodeld */; };
		162A1C4F29597FCA00F7469D /* Assets.xcassets in Resources */ = {isa = PBXBuildFile; fileRef = 162A1C4E29597FCA00F7469D /* Assets.xcassets */; };
		162A1C5229597FCA00F7469D /* LaunchScreen.storyboard in Resources */ = {isa = PBXBuildFile; fileRef = 162A1C5029597FCA00F7469D /* LaunchScreen.storyboard */; };
		162A1C5D2959808F00F7469D /* MessageDataSourceProtocol.swift in Sources */ = {isa = PBXBuildFile; fileRef = 162A1C5C2959808F00F7469D /* MessageDataSourceProtocol.swift */; };
		162A1C5F2959810800F7469D /* MessageDataSource.swift in Sources */ = {isa = PBXBuildFile; fileRef = 162A1C5E2959810800F7469D /* MessageDataSource.swift */; };
		162A1C612959822C00F7469D /* MessageRepositoryProtocol.swift in Sources */ = {isa = PBXBuildFile; fileRef = 162A1C602959822C00F7469D /* MessageRepositoryProtocol.swift */; };
		162A1C63295982A900F7469D /* MessageRepository.swift in Sources */ = {isa = PBXBuildFile; fileRef = 162A1C62295982A900F7469D /* MessageRepository.swift */; };
		162A1C652959833D00F7469D /* MessageEntity.swift in Sources */ = {isa = PBXBuildFile; fileRef = 162A1C642959833D00F7469D /* MessageEntity.swift */; };
		162A1C672959839700F7469D /* MessageUseCase.swift in Sources */ = {isa = PBXBuildFile; fileRef = 162A1C662959839700F7469D /* MessageUseCase.swift */; };
		162A1C69295983DB00F7469D /* MessageInteractor.swift in Sources */ = {isa = PBXBuildFile; fileRef = 162A1C68295983DB00F7469D /* MessageInteractor.swift */; };
		162A1C6B295984FC00F7469D /* MessagePresenterProtocol.swift in Sources */ = {isa = PBXBuildFile; fileRef = 162A1C6A295984FC00F7469D /* MessagePresenterProtocol.swift */; };
		162A1C6D2959855B00F7469D /* MessagePresenter.swift in Sources */ = {isa = PBXBuildFile; fileRef = 162A1C6C2959855B00F7469D /* MessagePresenter.swift */; };
		162A1C70295985EC00F7469D /* Injection.swift in Sources */ = {isa = PBXBuildFile; fileRef = 162A1C6F295985EC00F7469D /* Injection.swift */; };
		162A1C8229599BDC00F7469D /* MessageUseCaseTests.swift in Sources */ = {isa = PBXBuildFile; fileRef = 162A1C8129599BDC00F7469D /* MessageUseCaseTests.swift */; };
/* End PBXBuildFile section */

/* Begin PBXContainerItemProxy section */
		162A1C7B29599BAB00F7469D /* PBXContainerItemProxy */ = {
			isa = PBXContainerItemProxy;
			containerPortal = 162A1C3729597FC900F7469D /* Project object */;
			proxyType = 1;
			remoteGlobalIDString = 162A1C3E29597FC900F7469D;
			remoteInfo = GreetingApps;
		};
/* End PBXContainerItemProxy section */

/* Begin PBXFileReference section */
		162A1C3F29597FC900F7469D /* GreetingApps.app */ = {isa = PBXFileReference; explicitFileType = wrapper.application; includeInIndex = 0; path = GreetingApps.app; sourceTree = BUILT_PRODUCTS_DIR; };
		162A1C4229597FC900F7469D /* AppDelegate.swift */ = {isa = PBXFileReference; lastKnownFileType = sourcecode.swift; path = AppDelegate.swift; sourceTree = "<group>"; };
		162A1C4429597FC900F7469D /* SceneDelegate.swift */ = {isa = PBXFileReference; lastKnownFileType = sourcecode.swift; path = SceneDelegate.swift; sourceTree = "<group>"; };
		162A1C4629597FC900F7469D /* ViewController.swift */ = {isa = PBXFileReference; lastKnownFileType = sourcecode.swift; path = ViewController.swift; sourceTree = "<group>"; };
		162A1C4929597FC900F7469D /* Base */ = {isa = PBXFileReference; lastKnownFileType = file.storyboard; name = Base; path = Base.lproj/Main.storyboard; sourceTree = "<group>"; };
		162A1C4C29597FC900F7469D /* GreetingApps.xcdatamodel */ = {isa = PBXFileReference; lastKnownFileType = wrapper.xcdatamodel; path = GreetingApps.xcdatamodel; sourceTree = "<group>"; };
		162A1C4E29597FCA00F7469D /* Assets.xcassets */ = {isa = PBXFileReference; lastKnownFileType = folder.assetcatalog; path = Assets.xcassets; sourceTree = "<group>"; };
		162A1C5129597FCA00F7469D /* Base */ = {isa = PBXFileReference; lastKnownFileType = file.storyboard; name = Base; path = Base.lproj/LaunchScreen.storyboard; sourceTree = "<group>"; };
		162A1C5329597FCA00F7469D /* Info.plist */ = {isa = PBXFileReference; lastKnownFileType = text.plist.xml; path = Info.plist; sourceTree = "<group>"; };
		162A1C5C2959808F00F7469D /* MessageDataSourceProtocol.swift */ = {isa = PBXFileReference; lastKnownFileType = sourcecode.swift; path = MessageDataSourceProtocol.swift; sourceTree = "<group>"; };
		162A1C5E2959810800F7469D /* MessageDataSource.swift */ = {isa = PBXFileReference; lastKnownFileType = sourcecode.swift; path = MessageDataSource.swift; sourceTree = "<group>"; };
		162A1C602959822C00F7469D /* MessageRepositoryProtocol.swift */ = {isa = PBXFileReference; lastKnownFileType = sourcecode.swift; path = MessageRepositoryProtocol.swift; sourceTree = "<group>"; };
		162A1C62295982A900F7469D /* MessageRepository.swift */ = {isa = PBXFileReference; lastKnownFileType = sourcecode.swift; path = MessageRepository.swift; sourceTree = "<group>"; };
		162A1C642959833D00F7469D /* MessageEntity.swift */ = {isa = PBXFileReference; lastKnownFileType = sourcecode.swift; path = MessageEntity.swift; sourceTree = "<group>"; };
		162A1C662959839700F7469D /* MessageUseCase.swift */ = {isa = PBXFileReference; lastKnownFileType = sourcecode.swift; path = MessageUseCase.swift; sourceTree = "<group>"; };
		162A1C68295983DB00F7469D /* MessageInteractor.swift */ = {isa = PBXFileReference; lastKnownFileType = sourcecode.swift; path = MessageInteractor.swift; sourceTree = "<group>"; };
		162A1C6A295984FC00F7469D /* MessagePresenterProtocol.swift */ = {isa = PBXFileReference; lastKnownFileType = sourcecode.swift; path = MessagePresenterProtocol.swift; sourceTree = "<group>"; };
		162A1C6C2959855B00F7469D /* MessagePresenter.swift */ = {isa = PBXFileReference; lastKnownFileType = sourcecode.swift; path = MessagePresenter.swift; sourceTree = "<group>"; };
		162A1C6F295985EC00F7469D /* Injection.swift */ = {isa = PBXFileReference; lastKnownFileType = sourcecode.swift; path = Injection.swift; sourceTree = "<group>"; };
		162A1C7729599BAB00F7469D /* GreetingAppsTests.xctest */ = {isa = PBXFileReference; explicitFileType = wrapper.cfbundle; includeInIndex = 0; path = GreetingAppsTests.xctest; sourceTree = BUILT_PRODUCTS_DIR; };
		162A1C8129599BDC00F7469D /* MessageUseCaseTests.swift */ = {isa = PBXFileReference; lastKnownFileType = sourcecode.swift; path = MessageUseCaseTests.swift; sourceTree = "<group>"; };
/* End PBXFileReference section */

/* Begin PBXFrameworksBuildPhase section */
		162A1C3C29597FC900F7469D /* Frameworks */ = {
			isa = PBXFrameworksBuildPhase;
			buildActionMask = 2147483647;
			files = (
			);
			runOnlyForDeploymentPostprocessing = 0;
		};
		162A1C7429599BAB00F7469D /* Frameworks */ = {
			isa = PBXFrameworksBuildPhase;
			buildActionMask = 2147483647;
			files = (
			);
			runOnlyForDeploymentPostprocessing = 0;
		};
/* End PBXFrameworksBuildPhase section */

/* Begin PBXGroup section */
		162A1C3629597FC900F7469D = {
			isa = PBXGroup;
			children = (
				162A1C4129597FC900F7469D /* GreetingApps */,
				162A1C7829599BAB00F7469D /* GreetingAppsTests */,
				162A1C4029597FC900F7469D /* Products */,
			);
			sourceTree = "<group>";
		};
		162A1C4029597FC900F7469D /* Products */ = {
			isa = PBXGroup;
			children = (
				162A1C3F29597FC900F7469D /* GreetingApps.app */,
				162A1C7729599BAB00F7469D /* GreetingAppsTests.xctest */,
			);
			name = Products;
			sourceTree = "<group>";
		};
		162A1C4129597FC900F7469D /* GreetingApps */ = {
			isa = PBXGroup;
			children = (
				162A1C722959876C00F7469D /* App */,
				162A1C712959875200F7469D /* Supporting Files */,
				162A1C6E295985D800F7469D /* DI */,
				162A1C5B29597FE900F7469D /* Presentation */,
				162A1C5A29597FE300F7469D /* Domain */,
				162A1C5929597FDD00F7469D /* Data */,
			);
			path = GreetingApps;
			sourceTree = "<group>";
		};
		162A1C5929597FDD00F7469D /* Data */ = {
			isa = PBXGroup;
			children = (
				162A1C5C2959808F00F7469D /* MessageDataSourceProtocol.swift */,
				162A1C5E2959810800F7469D /* MessageDataSource.swift */,
				162A1C602959822C00F7469D /* MessageRepositoryProtocol.swift */,
				162A1C62295982A900F7469D /* MessageRepository.swift */,
			);
			path = Data;
			sourceTree = "<group>";
		};
		162A1C5A29597FE300F7469D /* Domain */ = {
			isa = PBXGroup;
			children = (
				162A1C642959833D00F7469D /* MessageEntity.swift */,
				162A1C662959839700F7469D /* MessageUseCase.swift */,
				162A1C68295983DB00F7469D /* MessageInteractor.swift */,
			);
			path = Domain;
			sourceTree = "<group>";
		};
		162A1C5B29597FE900F7469D /* Presentation */ = {
			isa = PBXGroup;
			children = (
				162A1C6A295984FC00F7469D /* MessagePresenterProtocol.swift */,
				162A1C6C2959855B00F7469D /* MessagePresenter.swift */,
				162A1C4629597FC900F7469D /* ViewController.swift */,
			);
			path = Presentation;
			sourceTree = "<group>";
		};
		162A1C6E295985D800F7469D /* DI */ = {
			isa = PBXGroup;
			children = (
				162A1C6F295985EC00F7469D /* Injection.swift */,
			);
			path = DI;
			sourceTree = "<group>";
		};
		162A1C712959875200F7469D /* Supporting Files */ = {
			isa = PBXGroup;
			children = (
				162A1C4829597FC900F7469D /* Main.storyboard */,
				162A1C4E29597FCA00F7469D /* Assets.xcassets */,
				162A1C5029597FCA00F7469D /* LaunchScreen.storyboard */,
				162A1C5329597FCA00F7469D /* Info.plist */,
				162A1C4B29597FC900F7469D /* GreetingApps.xcdatamodeld */,
			);
			path = "Supporting Files";
			sourceTree = "<group>";
		};
		162A1C722959876C00F7469D /* App */ = {
			isa = PBXGroup;
			children = (
				162A1C4229597FC900F7469D /* AppDelegate.swift */,
				162A1C4429597FC900F7469D /* SceneDelegate.swift */,
			);
			path = App;
			sourceTree = "<group>";
		};
		162A1C7829599BAB00F7469D /* GreetingAppsTests */ = {
			isa = PBXGroup;
			children = (
				162A1C8029599BBC00F7469D /* Domain */,
			);
			path = GreetingAppsTests;
			sourceTree = "<group>";
		};
		162A1C8029599BBC00F7469D /* Domain */ = {
			isa = PBXGroup;
			children = (
				162A1C8129599BDC00F7469D /* MessageUseCaseTests.swift */,
			);
			path = Domain;
			sourceTree = "<group>";
		};
/* End PBXGroup section */

/* Begin PBXNativeTarget section */
		162A1C3E29597FC900F7469D /* GreetingApps */ = {
			isa = PBXNativeTarget;
			buildConfigurationList = 162A1C5629597FCA00F7469D /* Build configuration list for PBXNativeTarget "GreetingApps" */;
			buildPhases = (
				162A1C3B29597FC900F7469D /* Sources */,
				162A1C3C29597FC900F7469D /* Frameworks */,
				162A1C3D29597FC900F7469D /* Resources */,
			);
			buildRules = (
			);
			dependencies = (
			);
			name = GreetingApps;
			productName = GreetingApps;
			productReference = 162A1C3F29597FC900F7469D /* GreetingApps.app */;
			productType = "com.apple.product-type.application";
		};
		162A1C7629599BAB00F7469D /* GreetingAppsTests */ = {
			isa = PBXNativeTarget;
			buildConfigurationList = 162A1C7D29599BAB00F7469D /* Build configuration list for PBXNativeTarget "GreetingAppsTests" */;
			buildPhases = (
				162A1C7329599BAB00F7469D /* Sources */,
				162A1C7429599BAB00F7469D /* Frameworks */,
				162A1C7529599BAB00F7469D /* Resources */,
			);
			buildRules = (
			);
			dependencies = (
				162A1C7C29599BAB00F7469D /* PBXTargetDependency */,
			);
			name = GreetingAppsTests;
			productName = GreetingAppsTests;
			productReference = 162A1C7729599BAB00F7469D /* GreetingAppsTests.xctest */;
			productType = "com.apple.product-type.bundle.unit-test";
		};
/* End PBXNativeTarget section */

/* Begin PBXProject section */
		162A1C3729597FC900F7469D /* Project object */ = {
			isa = PBXProject;
			attributes = {
				BuildIndependentTargetsInParallel = 1;
				LastSwiftUpdateCheck = 1420;
				LastUpgradeCheck = 1420;
				TargetAttributes = {
					162A1C3E29597FC900F7469D = {
						CreatedOnToolsVersion = 14.2;
					};
					162A1C7629599BAB00F7469D = {
						CreatedOnToolsVersion = 14.2;
						TestTargetID = 162A1C3E29597FC900F7469D;
					};
				};
			};
			buildConfigurationList = 162A1C3A29597FC900F7469D /* Build configuration list for PBXProject "GreetingApps" */;
			compatibilityVersion = "Xcode 14.0";
			developmentRegion = en;
			hasScannedForEncodings = 0;
			knownRegions = (
				en,
				Base,
			);
			mainGroup = 162A1C3629597FC900F7469D;
			productRefGroup = 162A1C4029597FC900F7469D /* Products */;
			projectDirPath = "";
			projectRoot = "";
			targets = (
				162A1C3E29597FC900F7469D /* GreetingApps */,
				162A1C7629599BAB00F7469D /* GreetingAppsTests */,
			);
		};
/* End PBXProject section */

/* Begin PBXResourcesBuildPhase section */
		162A1C3D29597FC900F7469D /* Resources */ = {
			isa = PBXResourcesBuildPhase;
			buildActionMask = 2147483647;
			files = (
				162A1C5229597FCA00F7469D /* LaunchScreen.storyboard in Resources */,
				162A1C4F29597FCA00F7469D /* Assets.xcassets in Resources */,
				162A1C4A29597FC900F7469D /* Main.storyboard in Resources */,
			);
			runOnlyForDeploymentPostprocessing = 0;
		};
		162A1C7529599BAB00F7469D /* Resources */ = {
			isa = PBXResourcesBuildPhase;
			buildActionMask = 2147483647;
			files = (
			);
			runOnlyForDeploymentPostprocessing = 0;
		};
/* End PBXResourcesBuildPhase section */

/* Begin PBXSourcesBuildPhase section */
		162A1C3B29597FC900F7469D /* Sources */ = {
			isa = PBXSourcesBuildPhase;
			buildActionMask = 2147483647;
			files = (
				162A1C5F2959810800F7469D /* MessageDataSource.swift in Sources */,
				162A1C4729597FC900F7469D /* ViewController.swift in Sources */,
				162A1C6D2959855B00F7469D /* MessagePresenter.swift in Sources */,
				162A1C4329597FC900F7469D /* AppDelegate.swift in Sources */,
				162A1C4D29597FC900F7469D /* GreetingApps.xcdatamodeld in Sources */,
				162A1C5D2959808F00F7469D /* MessageDataSourceProtocol.swift in Sources */,
				162A1C652959833D00F7469D /* MessageEntity.swift in Sources */,
				162A1C70295985EC00F7469D /* Injection.swift in Sources */,
				162A1C612959822C00F7469D /* MessageRepositoryProtocol.swift in Sources */,
				162A1C4529597FC900F7469D /* SceneDelegate.swift in Sources */,
				162A1C6B295984FC00F7469D /* MessagePresenterProtocol.swift in Sources */,
				162A1C69295983DB00F7469D /* MessageInteractor.swift in Sources */,
				162A1C63295982A900F7469D /* MessageRepository.swift in Sources */,
				162A1C672959839700F7469D /* MessageUseCase.swift in Sources */,
			);
			runOnlyForDeploymentPostprocessing = 0;
		};
		162A1C7329599BAB00F7469D /* Sources */ = {
			isa = PBXSourcesBuildPhase;
			buildActionMask = 2147483647;
			files = (
				162A1C8229599BDC00F7469D /* MessageUseCaseTests.swift in Sources */,
			);
			runOnlyForDeploymentPostprocessing = 0;
		};
/* End PBXSourcesBuildPhase section */

/* Begin PBXTargetDependency section */
		162A1C7C29599BAB00F7469D /* PBXTargetDependency */ = {
			isa = PBXTargetDependency;
			target = 162A1C3E29597FC900F7469D /* GreetingApps */;
			targetProxy = 162A1C7B29599BAB00F7469D /* PBXContainerItemProxy */;
		};
/* End PBXTargetDependency section */

/* Begin PBXVariantGroup section */
		162A1C4829597FC900F7469D /* Main.storyboard */ = {
			isa = PBXVariantGroup;
			children = (
				162A1C4929597FC900F7469D /* Base */,
			);
			name = Main.storyboard;
			sourceTree = "<group>";
		};
		162A1C5029597FCA00F7469D /* LaunchScreen.storyboard */ = {
			isa = PBXVariantGroup;
			children = (
				162A1C5129597FCA00F7469D /* Base */,
			);
			name = LaunchScreen.storyboard;
			sourceTree = "<group>";
		};
/* End PBXVariantGroup section */

/* Begin XCBuildConfiguration section */
		162A1C5429597FCA00F7469D /* Debug */ = {
			isa = XCBuildConfiguration;
			buildSettings = {
				ALWAYS_SEARCH_USER_PATHS = NO;
				CLANG_ANALYZER_NONNULL = YES;
				CLANG_ANALYZER_NUMBER_OBJECT_CONVERSION = YES_AGGRESSIVE;
				CLANG_CXX_LANGUAGE_STANDARD = "gnu++20";
				CLANG_ENABLE_MODULES = YES;
				CLANG_ENABLE_OBJC_ARC = YES;
				CLANG_ENABLE_OBJC_WEAK = YES;
				CLANG_WARN_BLOCK_CAPTURE_AUTORELEASING = YES;
				CLANG_WARN_BOOL_CONVERSION = YES;
				CLANG_WARN_COMMA = YES;
				CLANG_WARN_CONSTANT_CONVERSION = YES;
				CLANG_WARN_DEPRECATED_OBJC_IMPLEMENTATIONS = YES;
				CLANG_WARN_DIRECT_OBJC_ISA_USAGE = YES_ERROR;
				CLANG_WARN_DOCUMENTATION_COMMENTS = YES;
				CLANG_WARN_EMPTY_BODY = YES;
				CLANG_WARN_ENUM_CONVERSION = YES;
				CLANG_WARN_INFINITE_RECURSION = YES;
				CLANG_WARN_INT_CONVERSION = YES;
				CLANG_WARN_NON_LITERAL_NULL_CONVERSION = YES;
				CLANG_WARN_OBJC_IMPLICIT_RETAIN_SELF = YES;
				CLANG_WARN_OBJC_LITERAL_CONVERSION = YES;
				CLANG_WARN_OBJC_ROOT_CLASS = YES_ERROR;
				CLANG_WARN_QUOTED_INCLUDE_IN_FRAMEWORK_HEADER = YES;
				CLANG_WARN_RANGE_LOOP_ANALYSIS = YES;
				CLANG_WARN_STRICT_PROTOTYPES = YES;
				CLANG_WARN_SUSPICIOUS_MOVE = YES;
				CLANG_WARN_UNGUARDED_AVAILABILITY = YES_AGGRESSIVE;
				CLANG_WARN_UNREACHABLE_CODE = YES;
				CLANG_WARN__DUPLICATE_METHOD_MATCH = YES;
				COPY_PHASE_STRIP = NO;
				DEBUG_INFORMATION_FORMAT = dwarf;
				ENABLE_STRICT_OBJC_MSGSEND = YES;
				ENABLE_TESTABILITY = YES;
				GCC_C_LANGUAGE_STANDARD = gnu11;
				GCC_DYNAMIC_NO_PIC = NO;
				GCC_NO_COMMON_BLOCKS = YES;
				GCC_OPTIMIZATION_LEVEL = 0;
				GCC_PREPROCESSOR_DEFINITIONS = (
					"DEBUG=1",
					"$(inherited)",
				);
				GCC_WARN_64_TO_32_BIT_CONVERSION = YES;
				GCC_WARN_ABOUT_RETURN_TYPE = YES_ERROR;
				GCC_WARN_UNDECLARED_SELECTOR = YES;
				GCC_WARN_UNINITIALIZED_AUTOS = YES_AGGRESSIVE;
				GCC_WARN_UNUSED_FUNCTION = YES;
				GCC_WARN_UNUSED_VARIABLE = YES;
				IPHONEOS_DEPLOYMENT_TARGET = 16.2;
				MTL_ENABLE_DEBUG_INFO = INCLUDE_SOURCE;
				MTL_FAST_MATH = YES;
				ONLY_ACTIVE_ARCH = YES;
				SDKROOT = iphoneos;
				SWIFT_ACTIVE_COMPILATION_CONDITIONS = DEBUG;
				SWIFT_OPTIMIZATION_LEVEL = "-Onone";
			};
			name = Debug;
		};
		162A1C5529597FCA00F7469D /* Release */ = {
			isa = XCBuildConfiguration;
			buildSettings = {
				ALWAYS_SEARCH_USER_PATHS = NO;
				CLANG_ANALYZER_NONNULL = YES;
				CLANG_ANALYZER_NUMBER_OBJECT_CONVERSION = YES_AGGRESSIVE;
				CLANG_CXX_LANGUAGE_STANDARD = "gnu++20";
				CLANG_ENABLE_MODULES = YES;
				CLANG_ENABLE_OBJC_ARC = YES;
				CLANG_ENABLE_OBJC_WEAK = YES;
				CLANG_WARN_BLOCK_CAPTURE_AUTORELEASING = YES;
				CLANG_WARN_BOOL_CONVERSION = YES;
				CLANG_WARN_COMMA = YES;
				CLANG_WARN_CONSTANT_CONVERSION = YES;
				CLANG_WARN_DEPRECATED_OBJC_IMPLEMENTATIONS = YES;
				CLANG_WARN_DIRECT_OBJC_ISA_USAGE = YES_ERROR;
				CLANG_WARN_DOCUMENTATION_COMMENTS = YES;
				CLANG_WARN_EMPTY_BODY = YES;
				CLANG_WARN_ENUM_CONVERSION = YES;
				CLANG_WARN_INFINITE_RECURSION = YES;
				CLANG_WARN_INT_CONVERSION = YES;
				CLANG_WARN_NON_LITERAL_NULL_CONVERSION = YES;
				CLANG_WARN_OBJC_IMPLICIT_RETAIN_SELF = YES;
				CLANG_WARN_OBJC_LITERAL_CONVERSION = YES;
				CLANG_WARN_OBJC_ROOT_CLASS = YES_ERROR;
				CLANG_WARN_QUOTED_INCLUDE_IN_FRAMEWORK_HEADER = YES;
				CLANG_WARN_RANGE_LOOP_ANALYSIS = YES;
				CLANG_WARN_STRICT_PROTOTYPES = YES;
				CLANG_WARN_SUSPICIOUS_MOVE = YES;
				CLANG_WARN_UNGUARDED_AVAILABILITY = YES_AGGRESSIVE;
				CLANG_WARN_UNREACHABLE_CODE = YES;
				CLANG_WARN__DUPLICATE_METHOD_MATCH = YES;
				COPY_PHASE_STRIP = NO;
				DEBUG_INFORMATION_FORMAT = "dwarf-with-dsym";
				ENABLE_NS_ASSERTIONS = NO;
				ENABLE_STRICT_OBJC_MSGSEND = YES;
				GCC_C_LANGUAGE_STANDARD = gnu11;
				GCC_NO_COMMON_BLOCKS = YES;
				GCC_WARN_64_TO_32_BIT_CONVERSION = YES;
				GCC_WARN_ABOUT_RETURN_TYPE = YES_ERROR;
				GCC_WARN_UNDECLARED_SELECTOR = YES;
				GCC_WARN_UNINITIALIZED_AUTOS = YES_AGGRESSIVE;
				GCC_WARN_UNUSED_FUNCTION = YES;
				GCC_WARN_UNUSED_VARIABLE = YES;
				IPHONEOS_DEPLOYMENT_TARGET = 16.2;
				MTL_ENABLE_DEBUG_INFO = NO;
				MTL_FAST_MATH = YES;
				SDKROOT = iphoneos;
				SWIFT_COMPILATION_MODE = wholemodule;
				SWIFT_OPTIMIZATION_LEVEL = "-O";
				VALIDATE_PRODUCT = YES;
			};
			name = Release;
		};
		162A1C5729597FCA00F7469D /* Debug */ = {
			isa = XCBuildConfiguration;
			buildSettings = {
				ASSETCATALOG_COMPILER_APPICON_NAME = AppIcon;
				ASSETCATALOG_COMPILER_GLOBAL_ACCENT_COLOR_NAME = AccentColor;
				CODE_SIGN_STYLE = Automatic;
				CURRENT_PROJECT_VERSION = 1;
				DEVELOPMENT_TEAM = KVFMXTTSFG;
				GENERATE_INFOPLIST_FILE = YES;
				INFOPLIST_FILE = "GreetingApps/Supporting Files/Info.plist";
				INFOPLIST_KEY_UIApplicationSupportsIndirectInputEvents = YES;
				INFOPLIST_KEY_UILaunchStoryboardName = LaunchScreen;
				INFOPLIST_KEY_UIMainStoryboardFile = Main;
				INFOPLIST_KEY_UISupportedInterfaceOrientations_iPad = "UIInterfaceOrientationPortrait UIInterfaceOrientationPortraitUpsideDown UIInterfaceOrientationLandscapeLeft UIInterfaceOrientationLandscapeRight";
				INFOPLIST_KEY_UISupportedInterfaceOrientations_iPhone = "UIInterfaceOrientationPortrait UIInterfaceOrientationLandscapeLeft UIInterfaceOrientationLandscapeRight";
				LD_RUNPATH_SEARCH_PATHS = (
					"$(inherited)",
					"@executable_path/Frameworks",
				);
				MARKETING_VERSION = 1.0;
				PRODUCT_BUNDLE_IDENTIFIER = tbadhit.GreetingApps;
				PRODUCT_NAME = "$(TARGET_NAME)";
				SWIFT_EMIT_LOC_STRINGS = YES;
				SWIFT_VERSION = 5.0;
				TARGETED_DEVICE_FAMILY = "1,2";
			};
			name = Debug;
		};
		162A1C5829597FCA00F7469D /* Release */ = {
			isa = XCBuildConfiguration;
			buildSettings = {
				ASSETCATALOG_COMPILER_APPICON_NAME = AppIcon;
				ASSETCATALOG_COMPILER_GLOBAL_ACCENT_COLOR_NAME = AccentColor;
				CODE_SIGN_STYLE = Automatic;
				CURRENT_PROJECT_VERSION = 1;
				DEVELOPMENT_TEAM = KVFMXTTSFG;
				GENERATE_INFOPLIST_FILE = YES;
				INFOPLIST_FILE = "GreetingApps/Supporting Files/Info.plist";
				INFOPLIST_KEY_UIApplicationSupportsIndirectInputEvents = YES;
				INFOPLIST_KEY_UILaunchStoryboardName = LaunchScreen;
				INFOPLIST_KEY_UIMainStoryboardFile = Main;
				INFOPLIST_KEY_UISupportedInterfaceOrientations_iPad = "UIInterfaceOrientationPortrait UIInterfaceOrientationPortraitUpsideDown UIInterfaceOrientationLandscapeLeft UIInterfaceOrientationLandscapeRight";
				INFOPLIST_KEY_UISupportedInterfaceOrientations_iPhone = "UIInterfaceOrientationPortrait UIInterfaceOrientationLandscapeLeft UIInterfaceOrientationLandscapeRight";
				LD_RUNPATH_SEARCH_PATHS = (
					"$(inherited)",
					"@executable_path/Frameworks",
				);
				MARKETING_VERSION = 1.0;
				PRODUCT_BUNDLE_IDENTIFIER = tbadhit.GreetingApps;
				PRODUCT_NAME = "$(TARGET_NAME)";
				SWIFT_EMIT_LOC_STRINGS = YES;
				SWIFT_VERSION = 5.0;
				TARGETED_DEVICE_FAMILY = "1,2";
			};
			name = Release;
		};
		162A1C7E29599BAB00F7469D /* Debug */ = {
			isa = XCBuildConfiguration;
			buildSettings = {
				BUNDLE_LOADER = "$(TEST_HOST)";
				CODE_SIGN_STYLE = Automatic;
				CURRENT_PROJECT_VERSION = 1;
				DEVELOPMENT_TEAM = KVFMXTTSFG;
				GENERATE_INFOPLIST_FILE = YES;
				MARKETING_VERSION = 1.0;
				PRODUCT_BUNDLE_IDENTIFIER = tbadhit.GreetingAppsTests;
				PRODUCT_NAME = "$(TARGET_NAME)";
				SWIFT_EMIT_LOC_STRINGS = NO;
				SWIFT_VERSION = 5.0;
				TARGETED_DEVICE_FAMILY = "1,2";
				TEST_HOST = "$(BUILT_PRODUCTS_DIR)/GreetingApps.app/$(BUNDLE_EXECUTABLE_FOLDER_PATH)/GreetingApps";
			};
			name = Debug;
		};
		162A1C7F29599BAB00F7469D /* Release */ = {
			isa = XCBuildConfiguration;
			buildSettings = {
				BUNDLE_LOADER = "$(TEST_HOST)";
				CODE_SIGN_STYLE = Automatic;
				CURRENT_PROJECT_VERSION = 1;
				DEVELOPMENT_TEAM = KVFMXTTSFG;
				GENERATE_INFOPLIST_FILE = YES;
				MARKETING_VERSION = 1.0;
				PRODUCT_BUNDLE_IDENTIFIER = tbadhit.GreetingAppsTests;
				PRODUCT_NAME = "$(TARGET_NAME)";
				SWIFT_EMIT_LOC_STRINGS = NO;
				SWIFT_VERSION = 5.0;
				TARGETED_DEVICE_FAMILY = "1,2";
				TEST_HOST = "$(BUILT_PRODUCTS_DIR)/GreetingApps.app/$(BUNDLE_EXECUTABLE_FOLDER_PATH)/GreetingApps";
			};
			name = Release;
		};
/* End XCBuildConfiguration section */

/* Begin XCConfigurationList section */
		162A1C3A29597FC900F7469D /* Build configuration list for PBXProject "GreetingApps" */ = {
			isa = XCConfigurationList;
			buildConfigurations = (
				162A1C5429597FCA00F7469D /* Debug */,
				162A1C5529597FCA00F7469D /* Release */,
			);
			defaultConfigurationIsVisible = 0;
			defaultConfigurationName = Release;
		};
		162A1C5629597FCA00F7469D /* Build configuration list for PBXNativeTarget "GreetingApps" */ = {
			isa = XCConfigurationList;
			buildConfigurations = (
				162A1C5729597FCA00F7469D /* Debug */,
				162A1C5829597FCA00F7469D /* Release */,
			);
			defaultConfigurationIsVisible = 0;
			defaultConfigurationName = Release;
		};
		162A1C7D29599BAB00F7469D /* Build configuration list for PBXNativeTarget "GreetingAppsTests" */ = {
			isa = XCConfigurationList;
			buildConfigurations = (
				162A1C7E29599BAB00F7469D /* Debug */,
				162A1C7F29599BAB00F7469D /* Release */,
			);
			defaultConfigurationIsVisible = 0;
			defaultConfigurationName = Release;
		};
/* End XCConfigurationList section */

/* Begin XCVersionGroup section */
		162A1C4B29597FC900F7469D /* GreetingApps.xcdatamodeld */ = {
			isa = XCVersionGroup;
			children = (
				162A1C4C29597FC900F7469D /* GreetingApps.xcdatamodel */,
			);
			currentVersion = 162A1C4C29597FC900F7469D /* GreetingApps.xcdatamodel */;
			path = GreetingApps.xcdatamodeld;
			sourceTree = "<group>";
			versionGroupType = wrapper.xcdatamodel;
		};
/* End XCVersionGroup section */
	};
	rootObject = 162A1C3729597FC900F7469D /* Project object */;
}
